
Microsoft Visual Studio Solution File, Format Version 12.00
Project("{2150E333-8FDC-42A3-9474-1A3956D46DE8}") = "Lib", "Lib", "{DB0D505E-998F-424F-862A-615884D51B7E}"
EndProject
Project("{FAE04EC0-301F-11D3-BF4B-00C04F79EFBC}") = "MinimalApi.Hosting.Abstractions", "Lib\MinimalApi.Hosting.Abstractions\MinimalApi.Hosting.Abstractions.csproj", "{D2BC7902-1E29-467F-915D-E58BDFBBE923}"
EndProject
Project("{FAE04EC0-301F-11D3-BF4B-00C04F79EFBC}") = "MinimalApi.Hosting", "Lib\MinimalApi.Hosting\MinimalApi.Hosting.csproj", "{9731B101-F208-44D3-843A-AE8559523403}"
EndProject
Project("{FAE04EC0-301F-11D3-BF4B-00C04F79EFBC}") = "Storage.Api", "Storage.Api\Storage.Api.csproj", "{5C6180C7-D903-417D-93A4-99742AAE7F57}"
EndProject
Project("{FAE04EC0-301F-11D3-BF4B-00C04F79EFBC}") = "Storage.Db.Cluster", "Storage.Db.Cluster\Storage.Db.Cluster.csproj", "{D9835C69-F44A-4836-B6C4-711390A09279}"
EndProject
Project("{FAE04EC0-301F-11D3-BF4B-00C04F79EFBC}") = "Storage.Db.Node", "Storage.Db.Node\Storage.Db.Node.csproj", "{C7BCA5E2-8150-447F-B968-A5B97023AA5A}"
EndProject
Global
	GlobalSection(SolutionConfigurationPlatforms) = preSolution
		Debug|Any CPU = Debug|Any CPU
		Release|Any CPU = Release|Any CPU
	EndGlobalSection
	GlobalSection(ProjectConfigurationPlatforms) = postSolution
		{D2BC7902-1E29-467F-915D-E58BDFBBE923}.Debug|Any CPU.ActiveCfg = Debug|Any CPU
		{D2BC7902-1E29-467F-915D-E58BDFBBE923}.Debug|Any CPU.Build.0 = Debug|Any CPU
		{D2BC7902-1E29-467F-915D-E58BDFBBE923}.Release|Any CPU.ActiveCfg = Release|Any CPU
		{D2BC7902-1E29-467F-915D-E58BDFBBE923}.Release|Any CPU.Build.0 = Release|Any CPU
		{9731B101-F208-44D3-843A-AE8559523403}.Debug|Any CPU.ActiveCfg = Debug|Any CPU
		{9731B101-F208-44D3-843A-AE8559523403}.Debug|Any CPU.Build.0 = Debug|Any CPU
		{9731B101-F208-44D3-843A-AE8559523403}.Release|Any CPU.ActiveCfg = Release|Any CPU
		{9731B101-F208-44D3-843A-AE8559523403}.Release|Any CPU.Build.0 = Release|Any CPU
		{5C6180C7-D903-417D-93A4-99742AAE7F57}.Debug|Any CPU.ActiveCfg = Debug|Any CPU
		{5C6180C7-D903-417D-93A4-99742AAE7F57}.Debug|Any CPU.Build.0 = Debug|Any CPU
		{5C6180C7-D903-417D-93A4-99742AAE7F57}.Release|Any CPU.ActiveCfg = Release|Any CPU
		{5C6180C7-D903-417D-93A4-99742AAE7F57}.Release|Any CPU.Build.0 = Release|Any CPU
		{D9835C69-F44A-4836-B6C4-711390A09279}.Debug|Any CPU.ActiveCfg = Debug|Any CPU
		{D9835C69-F44A-4836-B6C4-711390A09279}.Debug|Any CPU.Build.0 = Debug|Any CPU
		{D9835C69-F44A-4836-B6C4-711390A09279}.Release|Any CPU.ActiveCfg = Release|Any CPU
		{D9835C69-F44A-4836-B6C4-711390A09279}.Release|Any CPU.Build.0 = Release|Any CPU
		{C7BCA5E2-8150-447F-B968-A5B97023AA5A}.Debug|Any CPU.ActiveCfg = Debug|Any CPU
		{C7BCA5E2-8150-447F-B968-A5B97023AA5A}.Debug|Any CPU.Build.0 = Debug|Any CPU
		{C7BCA5E2-8150-447F-B968-A5B97023AA5A}.Release|Any CPU.ActiveCfg = Release|Any CPU
		{C7BCA5E2-8150-447F-B968-A5B97023AA5A}.Release|Any CPU.Build.0 = Release|Any CPU
	EndGlobalSection
	GlobalSection(NestedProjects) = preSolution
		{D2BC7902-1E29-467F-915D-E58BDFBBE923} = {DB0D505E-998F-424F-862A-615884D51B7E}
		{9731B101-F208-44D3-843A-AE8559523403} = {DB0D505E-998F-424F-862A-615884D51B7E}
	EndGlobalSection
EndGlobal
