<Solution>
  <Folder Name="/Solution Items/">
    <File Path="Directory.Build.props" />
  </Folder>
  <Project Path="docker-compose.dcproj">
    <Build />
  </Project>
  <Project Path="Storage.Api/Storage.Api.csproj" />
  <Project Path="Storage.Client/Storage.Client.csproj" />
  <Project Path="Storage.Cluster/Storage.Cluster.csproj" />
  <Project Path="Storage.Tests/Storage.Tests.csproj" />
  <Project Path="Storage.Uploader/Storage.Uploader.csproj" />
</Solution>
